[excluded_string]
\r\n
\r
\n
\t
.
,
-
/
\
(
)
\u0002
\u00a0
«
»
№
[excluded_patterns]
(\d\s*){1,}([,](\d\s*){1,})*
^\S{1,2}\s
\s\S{1,2}\s
\s{2,}
[excluded_words]
[recommend_word]
avaya
center
compliance
discord
endpoint
home
jiggle
kaspersky
ksc
linux
mailop
mouse
outlook
powershell
sata
security
signal
skype
starter
telegram
usb
viber
web
whatsapp
windows
workplace
автоматизированного
автоматизированную
автоматизированным
автоматизированных
авторизации
авторизация
администратор
администратора
администратором
администраторы
администрации
администрирования
адрес
адреса
аик
актами
активизация
активирована
активно
активных
актов
актуализирован
актуализировано
актуальная
актуальной
актуальны
актуальные
актуальных
акцентом
алгоритма
алтайского
анализ
анализировать
аналогичной
аналогичные
аналогичными
аннулирования
антивирусная
антивирусного
антивирусное
антивирусной
антивирусным
аппарат
аппарата
аппарате
аппаратно
арм
атак
аттестации
аттестационной
аттестованных
аудио
базе
базовой
базовые
базовых
балансе
бассейнового
бассейновой
без
безбумажный
безопасности
беспроводного
беспроводной
беспроводных
бланков
блокировка
блокировке
блокировку
бюджетное
важности
важность
введении
ввиду
ввода
вебинаров
ведения
ведется
ведомствами
ведомственная
ведомственным
ведомственных
ведущим
велся
весь
взаимодействия
виде
видео
видеоконференцсвязи
видео-конференц-связи
видеоматериалы
видим
видов
вина
виновные
вирусами
вирусное
вирусным
включался
включать
включением
вкс
власти
вместе
вместо
внедрения
внедренных
внешними
внешних
внешняя
внимание
вновь
вносимых
воздействия
возложена
возложены
возможностей
возможности
возможность
вознаграждение
вознаграждения
вопрос
вопросам
вопросах
вопросов
вопросы
восстановлена
восстановления
впервые
вредоносным
время
вскрыты
встп
вторых
входящей
выговора
выгорание
выгрузке
выданы
выдачи
выезда
выездах
выездов
вызывает
выполнения
выполнены
выполняется
выпускников
выработаны
выработки
выразившихся
выхода
выходом
вычислительной
вычислительным
вышеуказанного
вышеуказанном
выявлен
выявленные
выявленными
выявленных
выявлено
выявлены
выявлялось
гас
генерального
генеральной
гис
главным
главных
год
года
году
годы
городов
городские
городским
городскими
городских
горрайпрокуратуры
горрайспецпрокуратур
горрайспецпрокурорам
горрайспецпрокурорами
госсопка
государственной
государственную
государственных
граждан
гражданами
грамотности
грифом
грубых
группа
групповых
группой
группы
даже
далее
дана
данная
данной
данном
данные
данный
данных
даны
деградации
деградация
действенных
действие
действия
действиями
действовал
действующие
действующим
действующих
деловой
делопроизводства
депримирование
деятельности
деятельность
диагностируются
дисках
дисциплинарного
дисциплинарной
длительного
для
дневный
дня
доведена
доведения
доведены
документа
документами
документацией
документации
документация
документов
документом
документооборот
документооборота
документы
должного
должностей
должности
должностные
должностными
должностных
должность
домена
домене
дополнительного
дополнительные
дополнительных
допускаемые
допускались
допустившего
допустившие
допустивший
допущенные
допущено
допущены
достаточного
доступ
доступа
единичный
единого
единой
единым
ежегодных
ежеквартально
езспд
еисжс
жестких
жкх
журнал
журнале
забалансовых
заведен
заведений
заданной
задачах
заинтересованным
законности
закрытого
закрытой
закрытом
закупленные
заместителе
заместителей
заместителя
замечания
замещении
заносятся
занятие
занятий
занятия
занятиях
западно
записей
запрет
запретов
запреты
запрещен
запросов
запросы
заражение
заражением
зараженные
зараженных
зарегистрирован
зарегистрированные
зарегистрированных
зарегистрировано
зарядить
заседание
заседании
заседаний
заседания
заседаниях
зато
зафиксирован
зафиксировано
защита
защите
защиты
защищенной
заявке
заявки
заявку
заявок
звена
знаний
значимых
зоне
идентификатора
избежание
избербаша
издан
издание
издано
изменение
изменениями
изначальная
изначальные
изучались
изучаются
изучение
изучения
икт
или
иллюстрационных
имеется
имели
именно
имеющего
имеющих
ими
индивидуальное
индивидуальные
инициативе
инициативы
инструктаж
инструкцией
инструкции
инструкций
инструкция
инструментами
инструментов
интеграции
интернет
информатизации
информацией
информации
информационно
информационного
информационной
информационном
информационнометодического
информационнотелекоммуникационной
информационно-методического
информационно-телекоммуникационной
информационные
информационным
информационными
информационных
информация
информированность
инфраструктурой
инцидент
инцидента
инцидентах
инцидентов
инциденты
иные
иных
исключена
исключения
исключительно
исключительной
исключить
исоп
испдн
исполнение
исполнением
исполнения
использовались
использование
использованием
использовании
использованию
использования
используемые
используемым
используемых
используется
используются
истекшем
исчерпан
итогам
итогах
итоговой
кадровых
казначейства
календарь
календарю
канал
каналам
каналов
карточках
качестве
качественного
качественной
квалификации
квалифицированной
квалифицированных
кизилюртовской
кировского
клавиатура
клиентов
ключа
ключевого
ключевой
ключевых
ключей
количества
количество
коллегии
коллегия
коллективных
коминтерновского
комиссии
коммерческой
коммуникационной
коммуникационных
коммутационные
компетенции
компетенций
комплекс
комплекса
комплексные
комплексных
комплексов
комплекта
компрометации
компьютера
компьютерах
компьютерной
компьютерными
компьютерных
компьютеров
компьютеры
конденсаторов
конкретизированы
консоли
консультативной
консультации
контактам
контактные
контента
континент
контрактов
контроль
контролю
контроля
конференц
концепции
координационные
копии
корпоративной
корпусов
корреспонденцией
корреспонденции
краткая
криптографической
курсы
либо
ликвидации
линии
листов
лиц
лица
лицам
лицами
лицензии
лицензий
лицензионное
лицензионные
лицензия
лично
личного
личных
магнитных
малых
маркер
мастерства
материал
материалов
материального
материальной
материнских
машинам
машинные
машинных
межведомственного
межведомственные
межведомственных
между
межрайонной
межрайонную
межрайонные
межрайонными
межрайонных
межрайспецпрокуроров
межрегиональной
межрегиональном
межрегиональную
мер
мера
мерах
мероприятие
мероприятий
мероприятия
меры
мессенджеров
мест
места
местам
местах
месте
место
методическая
методические
методических
методического
методическое
методической
механизм
минувшем
мни
многие
многократно
многократного
многофункциональных
множественными
мобильного
мобильное
мобильные
мобильный
мобильных
модели
модем
модемов
модераторы
модерацию
момент
мониторинга
мышь
мэв
мэдо
навыкам
навыков
наглядного
наделения
надзор
надзора
надзорной
надзорную
надлежащего
названные
назначен
назначение
назначении
назначенными
назначены
наиболее
накопителей
накопителя
наличии
наличия
направившим
направлен
направлении
направления
направлениям
направленных
направлено
направлены
направляемых
направляются
например
нарушение
нарушением
нарушений
нарушения
нарушениями
настройке
настройки
настройку
находятся
находящиеся
началом
начальником
начисления
нашла
нашли
неактивности
неверного
невозможность
недопустимости
недопустимость
недопущение
недопущения
недостатки
незарегистрированных
незащищенных
неисполнения
ней
некоторых
нем
необходимости
необходимость
необходимую
необходимым
необходимых
неофициального
непосредственно
непродолжительное
неработоспособностью
несанкционированной
нескольких
неслужебной
несмотря
несоблюдение
несоблюдения
неттопах
неудачными
неукоснительного
нижестоящих
николаевской
николаевскойна
новелл
новеллы
новых
нормативно
нормативных
носителей
носители
носителя
ноутбука
обеспечение
обеспечением
обеспечению
обеспечения
обеспечено
обеспечивается
обеспечивающего
обеспечивающих
обзора
обзоров
области
обмена
обнаружения
обозначена
обозначенной
обозначенные
обозначенным
обозначенных
обозначены
оболочки
оборудование
оборудования
обоснованных
обработке
обработки
обработкой
обработку
образовательных
образцы
обращению
обращения
обращениями
обсудили
обсуждались
обсуждением
обсуждены
обучающие
обучающих
обучению
обучениях
обучено
обходить
общего
общем
объектах
объективного
объема
объеме
объемного
объемом
обязанностей
обязанности
обязательном
обязательным
ограничений
ограниченного
ограничиться
один
одним
одновременно
одноименный
одном
ознакамливаются
ознакомление
ознакомлении
ознакомлению
ознакомлены
оказанием
оказания
оказаны
оказывающего
онлайн
опасных
оперативное
оперативном
оперативные
оперативных
операционной
операционную
операционных
определен
определения
определенным
определены
определяющее
определяющий
опытная
опытной
органах
организации
организаций
организационно
организационнораспорядительным
организационно-распорядительным
организационным
организационных
организацию
организация
организациями
организациях
организован
организована
организовано
организованы
организовывались
органов
органы
освоению
освоения
основании
основе
основной
основные
основы
особенно
особенности
особого
особое
особой
особую
остается
остальным
осуществлен
осуществление
осуществлении
осуществления
осуществлено
осуществлены
осуществляется
осуществлялась
осуществлялось
осуществлять
осуществляются
осуществляющие
ответственного
ответственности
ответственные
ответственный
ответственными
ответственных
отвечающих
отдел
отдела
отделе
отделом
отдельного
отдельные
отдельных
отечественных
открытого
открытом
открытому
открытым
отмена
отметки
отнесены
относящиеся
отношении
отправки
отраслевом
отраслевым
отсутствия
отсутствовал
отчетном
официальных
оценка
очередь
очном
памяти
памятка
памятки
памяток
пао
паролей
паролирования
парольная
парольной
пароля
первичный
первое
первую
первых
переведена
переводе
перегрева
перед
передача
передаче
передачей
передачи
перемещении
переходом
перечень
перечня
период
периоде
периодичностью
персональной
персональные
персональным
персональных
печати
писем
письма
письме
письмо
письму
плана
планами
планирование
планирования
планового
планом
плану
платах
повестки
повторении
повторного
повышение
повышению
повышения
под
подачи
подверглись
подготовка
подготовки
подготовлена
подготовлено
подготовлены
поддержки
подключаемые
подключаться
подключение
подключением
подключении
подключений
подключения
подключенных
подключено
подлежат
подобных
подписание
подписей
подписи
подписью
подразделением
подразделений
подразделения
подразделениями
подробно
подрядчика
подтверждения
подхода
подчиненной
подчиненных
позволили
позволило
позволит
позволявшего
позволяют
позволяющий
показывает
полно
полномочий
полномочия
полномочиями
полностью
полнота
полноценную
положений
положения
полугодие
получать
получают
получении
получения
пользование
пользования
пользователей
пользователем
пользователи
пользователя
пользователями
помещение
помещения
помощи
помощника
помощников
помощником
понимания
попытками
портал
портала
портативных
поручениям
порядка
порядке
порядком
порядку
порядок
посвященное
посещения
поскольку
после
последствий
последствиях
последующими
пособие
посредством
посторонних
постоянной
поступившей
поступивших
поступления
потенциал
потенциально
потребность
потребовала
почта
почтового
почтовой
почтовыми
почтой
почты
пошаговых
прав
правах
правил
правила
правилам
право
правовой
правовыми
правовых
правопорядка
правосудие
практике
практику
практических
практической
превысили
предлагаем
предложение
предмет
предметами
предназначенного
предназначенных
предоставлен
предоставление
предоставлении
предоставленное
предоставляемых
предоставляется
представленные
представленных
представляется
предупрежден
предупреждения
предупреждены
предусматривающего
предусмотрен
предусмотренном
предыдущие
премиального
премиальное
премии
при
приведенными
привлечен
привлечением
привлечении
привлечения
привлечены
приволжского
прием
приём
приема
признаками
приказ
приказа
приказом
применена
применение
применением
применения
применены
применяется
примером
примеру
принимаемые
принимаемыми
принимаемых
принятие
принятии
принято
приняты
принятыми
принятых
приобреталась
приобретении
приобретения
природоохранного
природоохранной
природоохранном
природоохранную
природоохранных
присвоении
приставов
причастных
причине
приятые
проанализирована
проблема
проблемой
проблемы
проведен
проведена
проведение
проведении
проведения
проведенных
проведённых
проведено
проведены
проверено
проверены
проверка
проверках
проверки
проверок
проверочных
проверялись
проводившим
проводились
проводимых
проводится
проводятся
программ
программно
программного
программное
программной
программным
программных
программы
продление
продления
продолжается
продукта
продуктивной
продуктов
проекта
производится
прокуратур
прокуратура
прокуратурам
прокуратурами
прокуратурах
прокуратуре
прокуратурой
прокуратуру
прокуратуры
прокурора
прокурорам
прокурорами
прокуроре
прокуроров
прокурором
прокурорский
прокурорским
прокурорских
прокурорского
проработан
просмотра
проставления
протоколы
протяжении
профессионального
профилактики
профилактического
профильную
профильным
процессов
прочих
прошедшем
прошедших
прошли
прошлого
прямой
прямым
пункта
пункте
пунктов
пунктом
пэвм
работа
работает
работе
работник
работника
работникам
работниками
работники
работников
работником
работоспособность
работу
работы
рабочая
рабочей
рабочем
рабочие
рабочим
рабочих
радио
развертывания
разворачивать
разграничения
разделом
различные
различных
размера
размещается
размещение
размещенной
размещены
разработан
разработана
разработаны
разъем
разъемов
разъяснен
разъяснению
разъяснениями
разъяснялись
района
районного
районные
районным
районными
районных
районов
рамках
ранее
раскрывают
распознаванию
распорядительного
распорядительные
распорядительными
распорядительных
распоряжение
распоряжением
распоряжения
распределения
распространению
распространения
распространенными
распространяемое
рассматриваемой
рассматриваемый
рассматривались
рассмотрен
рассмотрена
рассмотрения
рассмотрены
рассмотреть
реагирование
реализации
реализовывать
реализуются
реализующие
региональном
регистрацией
регистрации
регистрационных
регистрацию
регистрация
регламент
регламентирована
регламентированы
регламентирующих
регламентом
регулярно
редакции
реестр
режиме
результатам
результате
результатов
результаты
рекомендации
рекомендаций
рекомендовано
ремонта
республики
ресурс
ресурсам
ресурсах
ресурсе
ресурсов
ресурсы
решение
решении
решений
решения
роспись
росреестр
российской
ростелеком
руководителей
руководителям
руководителями
руководством
рутокена
ряд
савз
самостоятельная
самостоятельного
самостоятельное
санкционированный
сберjazz
сведений
сведения
свободно
своевременного
своего
своей
свт
связанного
связанный
связанных
связаны
связи
сеанса
сеансах
сеансов
сегмента
сегментах
сегменте
сегментов
сегментом
сегменту
секретно
семейства
семинар
семинара
семинарах
семинаров
семинарские
семинарских
семинарское
семинары
сентябре
сервера
серверное
серверные
сервисам
сервисе
сервисной
сервисов
сертификата
сертификатами
сертификатов
сертификаты
сетевом
сетевыми
сетевых
сети
сеть
сибирского
сибирской
силами
систем
система
системам
системами
систематически
системах
системе
системной
системные
системный
систему
системы
сканирования
скзи
скпэп
скрипт
слабая
сложности
служб
службами
службе
службу
служебная
служебной
служебному
служебные
служебным
служебными
служебных
случае
случаев
случаи
случаях
смартфона
смартфонов
смена
снижением
снижении
снижения
снижено
снизить
собеседование
соблюдение
соблюдением
соблюдении
соблюдению
соблюдения
собственного
собственной
событий
совершенно
совершенствованию
совершенствования
совещание
совещании
совещаний
совещания
совещаниях
совместно
совместных
современным
согласования
согласовываются
содержащей
содержащих
создан
создана
создание
создании
созданной
созданные
созданных
создаются
создающем
сокращения
сообщениями
соответствии
соответствующем
соответствующие
соответствующих
сопровождение
сопровождению
сопровождения
составе
составляющей
составляющие
составляющих
состоянии
состоянию
состояния
сотрудник
сотрудника
сотрудникам
сотрудниками
сотрудники
сотрудников
сохранности
социальные
спарк
специализированной
специализированные
специализированным
специализированными
специализированных
специалиста
специалистами
специалистов
специалистом
специальные
списаны
способов
справочные
справочный
среде
средств
средства
средствам
средствами
средствах
средством
среды
срок
срока
сроками
срочного
ссту
стажировании
стажировку
стажировок
стандартизированное
станциях
старшим
старших
статистики
степень
стороннего
сторонним
стороны
строго
структурных
субподрядной
судебных
суфд
сферах
сфере
сформирован
счетах
съемные
съемных
съёмных
тайну
так
также
такие
таких
такого
телекоммуникационное
телекоммуникационной
телекоммуникационным
телекоммуникационными
телефон
телефона
телефонного
телефоны
тем
тема
темам
тематические
тему
темы
территориальными
техники
технические
техническими
технических
техническое
технической
технологии
технологий
технологического
технологиям
технологиями
типичного
того
только
том
трансляции
транспортного
транспортной
транспортные
транспортным
транспортными
транспортных
трансформации
требований
требованию
требования
требованиями
требует
увольнении
угрозу
удалению
удаленного
удаленном
уделяется
удостоверяющим
указаний
указания
указанная
указанного
указанное
указанной
указанные
указанный
указанным
указанными
указанных
указано
укреплению
укэп
уникального
уничтожение
уничтожению
уполномоченного
уполномоченным
упомянутого
управление
управлением
управлении
управления
уровня
усилий
усилия
условии
услуги
успешного
установка
установке
установки
установку
установлен
установлена
установленных
установлено
установлены
устойчивых
устранения
устранены
устройств
устройства
устройство
усугубилась
утвержден
утверждена
утверждении
утвержденного
утвержденной
утверждены
утеря
утечки
утилизации
утраты
участие
участием
учебно
учебнопрактических
учебные
учебных
учет
учета
учетных
учетом
учету
учитывающие
учитывая
учреждений
учтенного
учтены
файлов
файловых
файлы
факт
факта
фактам
фактов
факторах
факту
факты
феврале
федерального
федеральную
федерации
физической
фишинговых
флеш
флэш
флэшнакопителей
форм
форма
формате
формирование
фотоматериалы
функцией
функции
функционирование
функционирования
функционирующих
функцию
хабаровской
характер
характера
характеристик
характеристики
ходе
хоринского
хранение
хранением
хранении
хранению
хранения
хранилищ
хранилищами
целом
целостности
целью
целях
центра
централизованно
централизованного
централизовано
центром
цифровизации
цифровой
цифровыми
цифровых
части
чипы
числа
числе
числится
число
шаблонов
широко
шифрования
шкафы
штатных
экрана
эксплуатацией
эксплуатации
эксплуатационная
эксплуатационной
эксплуатация
эксплуатируемые
эксплуатируемых
эксплуатирующими
электронная
электронно
электронного
электронной
электронные
электронный
электронными
электронных
эффективному
эффективности
является
являлся
ящика