[excluded_patterns]
^\S{1,2}\s
\s\S{1,2}\s
\s{2,}
\r
\n
\u0002
\u00a0
[.,-/\()«»]

[excluded_words]
[recommend_word]
access
apple
avaya
center
compliance
discord
endpoint
free
jiggle
kaspersky
ksc
mailop
mobile
mouse
office
outlook
powershell
regnumstamp
sata
security
server
signal
skype
telegram
trueconf
usb
viber
vipnet
vkmusic
vksaver
web
whatsapp
workplace
абонентов
августе
автоматизированн
автономного
авторизац
администратор
администраци
администриров
адрес
аик
акт
актами
активизация
активирована
активно
активности
активных
актов
актуализ
актуальн
акцент
алгоритм
анализ
аналитич
аннулирован
антивирус
апелляция
аппаратн
аппг
арм
архив
атак
аттестац
аттестованн
аудио
база
базами
базе
базов
базы
баланс
безбумажн
безопасн
бесплатн
беспроводн
бланк
блокировк
бумаг
бумажн
бюджет
важн
введен
ввиду
ввода
вебинар
ведение
ведения
ведется
ведомствам
ведомственн
взаимодействия
видео
видеоконференц
видеоматериал
видеоролик
вина
виновн
вирус
включает
включал
включат
включая
включен
включить
вкс
внедрен
внесен
внешн
внимание
внутренн
воздействи
возлагает
возложен
возможност
возможным
вознагражден
возникновени
вопрос
восстановлен
вредоносн
временн
вскрыт
входящей
выговор
выгоран
выгрузк
выдает
выдан
выдач
выезд
вызывает
выполнен
выполня
выпускник
выработ
выразивши
выступил
выступлен
высшего
выход
вычислит
выявлен
выявлял
гас
генеральн
гис
гормежрайспецпрокур
город
горрайпрокур
госсопка
государственн
готовност
готовят
граждан
графическ
грифам
данн
деградац
действ
декларационн
делопроизводств
депримирован
деятельност
диагност
диск
дистанционн
дисциплинарн
доведен
доводит
документ
должност
домен
дополнительн
допускаем
допускал
допустивш
допущен
доступ
доустановки
доходов
дсп
единичн
един
ежегодн
ежеквартальн
ежемесячн
еженедельн
езспд
еисжс
епп
еркнм
ерп
жалоб
жкх
журнал
забаланс
заведен
заведён
задан
задач
задействован
заинтересован
заключен
законност
законодательств
закрыт
закупк
закупленн
закупок
заместител
замечан
занят
запис
запланирован
запрет
запрещен
запрос
заражен
зарегистрирован
зарядить
заседани
зафиксирован
защит
защищенн
заявк
заявок
игра
идентификатор
издан
изложен
изменен
изуча
изуче
икт
индивидуальн
инициатив
инициирован
инструктаж
инструкци
инструмент
интеграц
интернет
информатизац
информацией
информации
информационно
информационны
информация
информированность
инфрас
инфраструктур
инцидент
исключен
исключительн
исключить
исоп
испдн
исполнени
исполняющего
использовал
использован
используемой
используемые
используемым
используемых
используется
используют
используются
истекшем
истекший
истекшим
источников
исчерпан
итогам
итогах
итоговой
иультинского
июля
кабельной
кабинетами
кадров
кадровыми
кадровых
каждого
каждое
каждом
каждому
каждым
казначейства
как
каких
календарь
календарю
калмыкия
калужский
кампании
камчатского
канал
каналам
каналов
карачаево
карелия
карточках
картриджи
качеств
качестве
качественного
качественной
качественному
квалификации
квалификаций
квалифицированной
квалифицированных
квартал
квартале
квоту
кизилюртовской
кировского
кировской
клавиатур
клавиатура
кладная
клиентов
ключа
ключевого
ключевой
ключевые
ключевых
ключей
ключи
ковернинского
количества
количество
количеством
коллегии
коллегий
коллегия
коллективами
коллективных
коми
коминтерновского
комиссией
комиссии
комиссий
коммерческой
коммуникационных
коммутационные
компетенции
компетенций
комплекс
комплекса
комплексами
комплексах
комплексные
комплексных
комплексов
комплекта
компонент
компонента
компрометации
компьютера
компьютерах
компьютерной
компьютерными
компьютерных
компьютеров
компьютеру
компьютеры
конденсаторов
конкретизированы
консоли
консультативной
консультации
контактам
контактные
контента
континент
контрактам
контрактов
контракту
контроле
контролируется
контроль
контрольных
контролю
контроля
контуре
конференц
конференцсвязи
конфигурации
конфиденциальности
концепции
координационные
координационных
координируется
копии
копировально
копируются
корпоративной
корпусов
корректировке
корреспонденцией
корреспонденции
коррупции
которого
которой
котором
которому
которые
который
которым
которыми
которых
красноярского
краткая
краткие
краткое
края
криптографической
кроме
круга
крым
курирующего
курирующем
курс
курской
курсы
ленинского
либо
ликвидации
ликвидированных
лиманского
линии
липецкой
листах
листов
лиц
лица
лицам
лицами
лицевых
лицензии
лицензий
лицензионное
лицензионные
лицензия
лицо
лицом
лицу
лично
личного
личной
личном
личные
личных
лишения
магаданской
магнитных
мае
малых
марий
маркер
марте
мастерства
материал
материалов
материалы
материального
материальной
материальную
материальный
материнских
машинам
машинные
машинных
мая
межведомственного
межведомственные
межведомственный
межведомственных
межгорье
между
межрайгорспецпрокуратур
межрайонной
межрайонную
межрайонные
межрайонным
межрайонными
межрайонных
межрайпрокуратуры
межрайспецпрокуратур
межрайспецпрокуроров
межрегиональной
межрегиональном
межрегиональную
мер
мера
мерам
мерах
мероприятие
мероприятий
мероприятия
меры
мессенджера
мессенджеров
мест
места
местам
местах
месте
местного
место
месту
месяц
методическая
методические
методических
методического
методическое
методической
механизм
минувшем
мни
многие
многократно
многократного
многофункциональных
множественными
множительной
мною
мобильного
мобильное
мобильные
мобильный
мобильных
модели
модель
модем
модема
модемов
модераторы
модерацию
молодому
молодыми
молодых
момент
мониторинга
мордовия
москвы
мощностей
мто
музыкальные
музыкальных
мурманской
мышек
мышь
мэв
мэдо
навашинского
навыкам
навыками
навыков
наглядно
наглядного
наделения
надзор
надзора
надзорной
надзорную
надлежащего
надлежащей
названного
названные
назначен
назначение
назначении
назначенному
назначенные
назначенными
назначенных
назначены
наиболее
наибольшим
накопителей
накопительном
накопителя
наличии
наличия
направившим
направлен
направлена
направлении
направлению
направления
направлениям
направленном
направленные
направленных
направлено
направлены
направляемых
направляется
направлялись
направляются
например
нарушение
нарушением
нарушении
нарушений
нарушения
нарушениям
нарушениями
нарушениях
наряду
настоящее
настоящий
настроено
настройке
настройки
настройку
находится
находятся
находящиеся
начала
началом
начальник
начальника
начальником
начисления
нашла
нашли
неавторизованных
неактивности
неверного
недопустимости
недопустимость
недопущение
недопущении
недопущению
недопущения
недостатках
недостатки
недостатков
незамедлительные
незарегистрированных
незащищенных
неисполнения
ней
неконтролируемого
некоторых
нем
нём
ненадлежащее
ненецкого
необходим
необходима
необходимости
необходимость
необходимую
необходимые
необходимым
необходимыми
необходимых
неопределенного
неофициального
непосредственно
непродолжительное
неработоспособностью
несанкционированного
несанкционированное
несанкционированной
несанкционированным
нескольких
несложный
неслужебной
несмотря
несоблюдение
несоблюдения
несогласованного
неттопах
неудачными
неукоснительного
нижегородского
нижегородской
нижестоящие
нижестоящим
нижестоящих
николаевской
николаевскойна
ним
ними
них
новгорода
новгородской
новелл
новеллы
новое
новосибирской
новых
нормативно
нормативноправовыми
нормативных
носителей
носители
носитель
носителя
носителях
ноутбука
обеспечение
обеспечением
обеспечении
обеспечению
обеспечения
обеспечено
обеспечены
обеспечивается
обеспечивающего
обеспечивающих
обзор
обзора
обзоров
обзоры
обладающих
области
обмена
обмену
обнаружения
обнаружено
обновлена
обновления
обобщений
обозначена
обозначенной
обозначенные
обозначенным
обозначенных
обозначены
обоих
оболочки
оборудование
оборудованию
оборудования
обоснованных
обрабатываемой
обработке
обработки
обработкой
обработку
образования
образовательном
образовательных
образцы
обращений
обращению
обращения
обращениями
обращено
обслуживании
обслуживания
обсудили
обсуждались
обсуждением
обсуждения
обсуждены
обучающего
обучающие
обучающих
обучение
обучению
обучения
обучениях
обучено
обходить
общего
общедоступных
общей
общем
объектах
объективного
объема
объеме
объемного
объемом
объявлено
обязанностей
обязанности
обязанность
обязаны
обязательная
обязательное
обязательном
обязательным
обязательств
обязательства
ограничений
ограничения
ограниченного
ограничиться
один
однако
одним
одновременно
одного
одноименный
одной
одном
одному
ознакамливаются
ознакомление
ознакомлении
ознакомлению
ознакомления
ознакомлены
оказана
оказанием
оказания
оказаны
оказывающего
округа
округу
октябре
октябрьского
октября
омска
омской
онлайн
опасных
оперативное
оперативном
оперативные
оперативных
операционной
определен
определении
определения
определенным
определены
определяющее
определяющий
оптимизации
опыта
опытная
опытной
органа
органами
органах
организацией
организации
организаций
организационно
организационнораспорядительного
организационнораспорядительным
организационнораспорядительных
организационные
организационным
организационных
организацию
организация
организациями
организациях
организован
организована
организованных
организовано
организованы
организовать
организовывались
органов
органы
оргтехники
орловской
осведомленности
освоению
освоения
осетия
основании
основе
основной
основные
основы
особенно
особенности
особого
особое
особой
особую
остается
остаётся
остальным
осуществил
осуществлен
осуществлена
осуществление
осуществлении
осуществления
осуществлено
осуществлены
осуществляет
осуществляется
осуществлялась
осуществлялись
осуществлялось
осуществлялся
осуществлять
осуществляются
осуществляющие
осуществляющих
ответственного
ответственное
ответственности
ответственность
ответственные
ответственный
ответственным
ответственными
ответственных
отвечающих
отдаленных
отдел
отдела
отделе
отделом
отдельного
отдельные
отдельных
отечественных
открытого
открытом
открытому
открытым
отмена
отметки
отметку
отнесены
относящиеся
относящихся
отношении
отношения
отправки
отражалась
отражаются
отраслевой
отраслевом
отраслевым
отраслевых
отрытому
отслеживать
отсутствие
отсутствием
отсутствия
отсутствовал
отсутствовали
отсутствует
отчетном
офисная
официальных
оценивалось
оценка
очередь
очном
ошибки
памяти
памятка
памятки
памяток
пао
параметров
параньгинского
паролей
пароли
паролирования
парольная
парольной
пароля
паролям
пензы
первичный
первого
первое
первом
первую
первые
первый
первых
переведена
переведены
перегрева
перед
передача
передаче
передачей
передачи
переезда
перемещении
перемещения
пересылка
переустановки
перехода
переходом
перечень
перечне
перечня
период
периоде
периодичностью
пермского
персональной
персональному
персональные
персональным
персональных
петербурга
печатающей
печати
писем
письма
письме
письмо
письму
план
плана
планами
планирование
планирования
планируется
планового
плановой
плановую
плановых
планом
плану
платах
повестки
повлияет
повседневной
повторении
повторного
повторное
повторном
повторных
повышение
повышении
повышению
повышения
под
подачи
подверглись
подготовка
подготовке
подготовки
подготовку
подготовлена
подготовленном
подготовленные
подготовленных
подготовлено
подготовлены
поддержка
поддержки
поддержкой
подключаемые
подключаться
подключение
подключением
подключении
подключений
подключения
подключенного
подключенных
подключено
подлежат
подобных
подписание
подписей
подписи
подписью
подразделение
подразделением
подразделений
подразделения
подразделениями
подробно
подрядчика
подтверждения
подхода
подчиненной
подчиненные
подчиненных
позволили
позволило
позволит
позволявшего
позволяют
позволяющий
позволяющих
показала
показывает
политики
полно
полномочий
полномочия
полномочиями
полностью
полнота
полноценную
полную
положений
положения
положительно
положительного
положительной
полугодие
полугодии
получать
получают
получение
получении
получения
пользование
пользования
пользователей
пользователем
пользователи
пользователю
пользователя
пользователям
пользователями
помещение
помещения
помимо
помощи
помощник
помощника
помощников
помощником
помощь
понесли
понимания
попытками
попытки
портал
портала
портативных
поручению
поручения
поручениям
порядка
порядке
порядком
порядку
порядок
посвященное
посвящено
посвящены
посещения
поскольку
после
последствий
последствия
последствиях
последующего
последующими
пособие
посредством
поставленной
поставленные
поставлены
поставщиком
посторонних
постоянная
постоянно
постоянной
построения
поступающей
поступающих
поступившей
поступивших
поступления
потенциал
потенциально
потребность
потребовала
почта
почтового
почтовой
почтовые
почтовыми
почтовых
почтой
почты
пошаговых
прав
права
правах
правил
правила
правилам
право
правовой
правовыми
правовых
правоохранительными
правопорядка
правоприменительной
правосудие
практика
практике
практики
практику
практическая
практический
практических
практической
превысили
предлагаем
предлагается
предложение
предложения
предмет
предметами
предметом
предназначенного
предназначенных
предоставлен
предоставление
предоставлении
предоставленного
предоставленное
предоставляемых
предоставляется
предотвращения
председательством
представителей
представители
представленные
представленных
представлены
представляется
предстоящих
предупрежден
предупреждения
предупреждениями
предупреждены
предусматривающего
предусмотрен
предусмотренном
предыдущие
президента
прекращены
премиального
премиальное
премии
при
прибыть
приведенными
привлекались
привлечен
привлечением
привлечении
привлечения
привлечено
привлечены
приволжского
приволжской
прием
приём
приема
приеме
приемной
приему
приемы
признаками
приказ
приказа
приказов
приказом
прикладного
приложение
применена
применение
применением
применении
применения
применены
применяется
примерами
примером
примеру
принадлежащих
принимаемые
принимаемыми
принимаемых
принимали
принималось
принятие
принятии
принятия
принято
принятого
приняты
принятые
принятыми
принятых
приобреталась
приобретении
приобретения
приоритетности
приравненным
приравненных
природоохранного
природоохранной
природоохранном
природоохранную
природоохранных
присвоении
приставов
причастных
причине
причинен
приятые
проанализирована
проанализировано
проблем
проблема
проблемных
проблемой
проблемы
проведен
проведена
проведение
проведении
проведения
проведенного
проведенной
проведенными
проведенных
проведённых
проведено
проведены
проверено
проверены
проверка
проверками
проверках
проверки
проверку
проверок
проверочных
проверялись
проверялось
проводившим
проводились
проводимых
проводится
проводятся
программ
программами
программе
программно
программного
программное
программной
программным
программных
программы
продемонстрированы
продление
продления
продолжается
продолжено
продукта
продуктивной
продуктов
проекта
произведения
производится
прокуратур
прокуратура
прокуратурам
прокуратурами
прокуратурах
прокуратуре
прокуратурой
прокуратуру
прокуратуры
прокурор
прокурора
прокурорам
прокурорами
прокуроре
прокуроров
прокурором
прокурорские
прокурорский
прокурорским
прокурорских
прокурорского
прокурорской
проработан
просмотра
проставления
проставляют
противодействии
протоколов
протоколы
протяжении
профессионального
профессиональной
профессиональных
профилактики
профилактического
профильную
профильным
профильных
проходят
процессов
прочего
прочих
прошедшем
прошедших
прошел
прошла
прошли
прошлого
прошу
проявить
прямой
прямым
публикации
пункта
пункте
пунктов
пунктом
путем
пэвм
работа
работает
работающей
работе
работник
работника
работникам
работниками
работники
работников
работником
работнику
работоспособность
работоспособностью
работу
работы
рабочая
рабочей
рабочем
рабочему
рабочие
рабочим
рабочими
рабочих
радио
раз
раза
развернуть
развертывания
развития
разворачивать
разграничения
разделом
различном
различные
различных
размер
размера
размещается
размещение
размещенной
размещены
разработан
разработана
разработанные
разработанных
разработаны
разработка
разработчиком
разъем
разъемов
разъяснен
разъяснением
разъяснению
разъяснениями
разъяснительная
разъяснительных
разъяснялись
разъясняются
района
районах
районного
районные
районным
районными
районных
районов
рамках
ранее
раскрывают
распечатывания
распознаванию
распорядительного
распорядительные
распорядительными
распорядительных
распоряжение
распоряжением
распоряжению
распоряжения
распределения
распространению
распространения
распространенными
распространяемое
рассматриваемого
рассматриваемой
рассматриваемый
рассматривались
рассмотрен
рассмотрена
рассмотрение
рассмотрения
рассмотрены
рассмотреть
расходных
расширенной
реагирование
реализации
реализованы
реализовать
реализовывать
реализуются
реализующие
региональном
регистрацией
регистрации
регистрационных
регистрацию
регистрация
регистрируются
регламент
регламента
регламентирована
регламентированы
регламентирующих
регламентом
регулярно
регулярной
редакции
реестр
реже
режим
режиме
результатам
результатах
результате
результатов
результаты
рекомендации
рекомендаций
рекомендовано
ремонт
ремонта
республике
республики
ресурс
ресурсам
ресурсами
ресурсах
ресурсе
ресурсов
ресурсы
решение
решением
решении
решений
решению
решения
родственников
рожкова
роспись
росреестр
россии
российской
роста
ростелеком
руководимых
руководителей
руководителем
руководители
руководителям
руководителями
руководством
рутинных
рутокена
ряд
савз
самопроизвольной
самостоятельная
самостоятельно
самостоятельного
самостоятельное
самостоятельном
самоуправления
санкт
санкционированный
саратовской
сберjazz
сведений
сведения
свердловской
сверки
свидетельствует
свободно
своевременная
своевременного
своевременное
своего
своей
своих
свою
свт
связанного
связанные
связанный
связанных
связаны
связи
связь
сеанса
сеансах
сеансов
себя
северная
северо
сегмента
сегментах
сегменте
сегментов
сегментом
сегменту
секретно
семинар
семинара
семинарах
семинаров
семинаровсовещаний
семинарские
семинарских
семинарское
семинарском
семинары
сентябре
сервер
сервера
серверное
серверные
серверу
сервисам
сервисами
сервисе
сервисная
сервисной
сервисов
сернурского
сертификата
сертификатами
сертификатов
сертификатом
сертификаты
сетевого
сетевой
сетевом
сетевыми
сетевых
сети
сеть
сибирского
сибирской
силами
систем
система
системам
системами
систематизировать
систематически
системах
системе
системной
системные
системный
системой
систему
системы
сканирования
скзи
скпэп
скрипт
слабая
следующее
слете
сложности
служащие
служащих
служб
службами
службе
службу
службы
служебная
служебного
служебной
служебному
служебные
служебным
служебными
служебных
случае
случаев
случаи
случай
случая
случаях
смартфона
смартфонов
смена
смене
смни
смоленской
снижен
снижением
снижении
снижения
снижено
снизить
собеседование
соблюдаются
соблюдение
соблюдением
соблюдении
соблюдению
соблюдения
собственного
собственной
событий
совершенно
совершено
совершенствованию
совершенствования
совершивших
совещание
совещании
совещаний
совещания
совещаниях
совместно
совместных
современные
современным
согласно
согласования
согласовываются
содержание
содержащей
содержащих
содержит
создан
создана
создание
создании
созданной
созданные
созданных
созданы
создаются
создающем
сокращения
сообщениями
соответствии
соответствуют
соответствующая
соответствующего
соответствующей
соответствующем
соответствующие
соответствующий
соответствующими
соответствующих
сопровождение
сопровождению
сопровождения
состав
составе
составлен
составляющей
составляющие
составляющих
состоявшегося
состоявшемся
состояние
состоянии
состоянию
состояния
сотрудник
сотрудника
сотрудникам
сотрудниками
сотрудники
сотрудников
сотрудником
сохранности
социальные
спарк
специализированной
специализированные
специализированным
специализированными
специализированных
специалист
специалиста
специалистами
специалистов
специалистом
специалисту
специальные
списаны
списки
спо
способность
способов
способствовать
справочная
справочник
справочные
справочный
среде
среднеканского
средств
средства
средствам
средствами
средствах
средством
средству
среды
срок
срока
сроками
сроки
сроком
срочного
ссту
ставропольского
стажирование
стажировании
стажировка
стажировки
стажировку
стажировок
стали
стандартизированное
станциях
старшим
старших
статистики
степень
стороннего
сторонним
сторонними
стороны
стоящие
строгий
строго
строилась
структурированной
структурное
структурные
структурными
структурных
субподрядной
субъекта
судебного
судебных
суфд
существующих
сферах
сфере
сформирован
сформирована
сформированными
счетах
счетов
съемные
съемных
съёмных
таблиц
тайну
так
также
такие
такими
таких
такого
тамбовской
татарстан
тверской
текущей
текущем
телекоммуникационного
телекоммуникационное
телекоммуникационной
телекоммуникационному
телекоммуникационным
телекоммуникационными
телефон
телефона
телефонного
телефонный
телефонов
телефоны
тем
тема
темам
тематике
тематические
тематических
теме
тему
темы
тенькинского
территориальное
территориальными
территориальных
тестирование
техники
техническая
технические
техническим
техническими
технических
техническое
технической
техническом
технологии
технологий
технологического
технологиям
технологиями
течение
типичного
того
только
том
тонеры
топологию
трансляции
транспорта
транспортного
транспортной
транспортную
транспортные
транспортным
транспортными
транспортных
трансформации
требований
требованию
требования
требованиям
требованиями
требует
требующих
трем
третьих
трех
три
труднодоступных
тульской
тюменской
увеличить
увольнении
уголовно
угрозу
удалению
удаленного
удаленном
уделяется
удмуртской
удостоверяющим
уже
указаний
указания
указанная
указанного
указанное
указанной
указанные
указанный
указанным
указанными
указанных
указано
указаны
укреплению
укэп
умений
умения
умениями
университет
уникального
уничтожение
уничтожению
уполномоченного
уполномоченным
упомянутого
управление
управлением
управлении
управления
уральского
уровня
усилению
усилий
усилия
условии
условий
условиях
услуги
успешного
установка
установке
установки
установку
установлен
установлена
установленном
установленные
установленных
установлено
установлены
устаревшим
устаревшими
устойчивых
устранения
устранены
устранялись
устройств
устройства
устройство
усугубилась
утвержден
утверждена
утверждении
утвержденного
утвержденной
утверждены
утеря
утечки
утилизации
утрата
утрату
утраты
утраченного
утраченный
участие
участием
учебно
учебное
учебнометодические
учебнометодический
учебнометодических
учебнопрактических
учебные
учебный
учебных
учет
учета
учетной
учетных
учетов
учетом
учету
учитываются
учитывающие
учитывая
учреждении
учреждений
учтенного
учтенных
учтено
учтены
файлов
файловому
файловых
файлы
факт
факта
фактам
фактах
фактического
фактов
факторах
факту
факты
фгис
феврале
федерального
федеральном
федеральному
федеральную
федерации
физической
фишинговых
флеш
флэш
флэшнакопителей
форм
форма
формате
формирование
формированию
формирования
формой
фотографии
фотоматериалы
фссп
функцией
функции
функций
функционал
функциональных
функционирование
функционирования
функционирующих
функцию
хабаровской
характер
характера
характеристик
характеристики
хасынского
ходе
хоринского
хранение
хранением
хранении
хранению
хранения
хранилищ
хранилищами
целевые
целей
цели
целом
целостности
целью
целях
центра
централизованно
централизованных
централизовано
центрального
центральный
центром
циолковского
цифровизации
цифровой
цифровыми
цифровых
часов
части
частного
частности
часто
чего
через
черкесской
чипы
числа
числе
числится
число
числящиеся
что
чужой
чьи
шаблонов
широко
шифрования
шкафы
штате
штатных
эвенского
экземпляр
экрана
эксплуатацией
эксплуатации
эксплуатаций
эксплуатационн
эксплуатацию
эксплуатация
эксплуатируем
эксплуатирующ
электронн
эффективн
эцп
явились
является
являл
ящик