[excluded_patterns]
^\S{1,2}\s+
\s+\S{1,2}\s+
\r
\n
\u0002
\u00a0
\u002e
\u002c
\u002d
\u002f
\u005c
\u0028
\u0029
\u00ab
\u00bb
[excluded_words]
[recommend_word]
access
acp
active
alt
apple
avaya
bundle
center
compliance
cord
dell
directory
discord
dvd
endpoint
europe
flash
free
gov
idm
internet
jiggle
kaspersky
kes
ksc
kvadra
linux
mailop
mailopxu
microsoft
mind
mobile
mouse
net
office
outlook
powershell
proc
pwr
regnumstamp
rsnet
sata
scopia
secret
security
server
signal
skype
srvr
studio
telegram
trojan
trueconf
usb
viber
vinteo
vipnet
vkmusic
vksaver
web
whatsapp
windows
workplace
абонент
автозапуск
автоматизац
автоматизированн
автоматизировано
автоматическ
автономного
авторами
авторизаци
авторизированн
авторизованн
авторизует
агент
администратор
администраци
администрирован
адрес
аик
аис
аккредитованн
акт
актами
активац
активизац
активирован
активируют
активн
актов
актуализац
актуализирован
актуализирует
актуализирующ
актуальн
акцентирован
алгоритм
альт
анализ
анализиров
анализируем
анализируют
аналитическ
аналог
аннулирован
антивирус
аппаратн
арм
архив
атак
атрибут
аттестац
аттестованн
аттестуем
аудио
аутентификац
баз
баланс
безбумажн
безвозвратн
безопасн
бесперебойн
бесплатн
беспроводн
бланк
близк
блокиров
блокирует
блочн
бумаг
бумажн
бухгалтерск
бюджет
важн
вакантн
введен
ввод
вебинар
веден
ведетс
ведомств
ведут
ведущ
велся
верси
взаимодейств
видео
видеокамер
видеоконференц
видеоматериал
видеонаблюден
видеоролик
видеосистем
визуал
вина
виновн
виртуальн
вирус
вклад
включает
включал
включат
включаю
включая
включен
включить
вкс
власт
внедрен
внеочередн
внепланов
внесен
внеслужебн
внешн
внимани
внутренн
внутриведомственн
воздейств
возлагает
возложен
возможност
вознагражден
возникающ
возникновен
вопрос
воспитан
восстановлен
востребованн
вптк
вред
вредоносн
вручает
вручен
вручн
вскрыт
выговор
выгрузк
выдаваем
выдает
выдан
выдач
выделен
выезд
вызывает
выкладывают
выписк
выполнен
выполняет
выполнял
выполняют
выпуск
выпускник
выпущен
вырабатываем
выработан
выработк
выразивш
выступающ
выступил
выступлен
высылает
выход
вычислительн
выявлен
выявляем
выявлял
выявлять
гас
гиац
гибдд
гис
гкау
госсопка
государственн
государство
готовност
готовят
граждан
грамотност
график
графическ
гриф
групп
данн
деградац
действенн
действи
действовавш
действовал
действует
действующ
декларационн
делопроизводит
демонстрационн
демонстрируют
депремирован
деятельност
диагностируют
динамик
диск
дислокац
диспетчер
дистанционн
дисциплинарн
длительн
доведен
доводил
доводит
договор
доказательственн
документ
должност
домен
допуск
допустивш
допущен
допущенн
доставки
доставлять
достаточн
доступ
дсп
егрн
единая
единиц
единичн
езпд
езспд
еис
еисжс
епгу
епп
еркмн
еркнм
ерп
есвтс
жалоб
жкх
журнал
забалансов
заблокирован
заведен
зависимост
задани
заданн
задач
задействованн
задействованы
заинтересованн
заключен
закон
закреплен
закрыт
закуп
зал
замен
замечани
занесением
занимаем
занимает
заносят
занят
запис
запланирован
заполнен
запрашивал
запрашивают
запрет
запрещает
запрещен
запрос
запрошен
заражен
зарегистрирован
зарплат
заряд
заседан
затрат
зафиксирован
заходит
защит
защищен
заявк
заявлен
заявок
злоумышленник
знакомят
знани
значени
значим
значительн
ибд
игра
идентификатор
идентификац
идентифицир
изготавливают
изготовлен
издан
издать
изложен
изменен
изменивш
изменяют
изначальн
изучает
изучал
изучают
изучен
икт
иллюстративн
иллюстрационн
имуществ
инвентарн
индивидуальн
индикатор
инженер
инициатив
инициатор
инициирован
иностран
инструктаж
инструкци
инструмент
интеграци
интегрированн
интернет
интерфакс
интерфейс
информатизац
информаци
информир
инфраструктур
инцидент
исключ
исмэв
исоп
испдн
исполнен
исполнит
исполняем
исполнял
исполняющ
использовал
использован
использоват
используем
использует
используют
использующ
истекш
истечен
источник
истребован
исуб
ито
кабельн
кабинет
кадр
казенн
казначейств
каис
канал
карточ
картридж
касперск
каталог
качеств
квалификац
квалифицирован
квант
квот
кибермошенничеств
киберпространств
клавиатур
класс
классификат
классификац
клиент
кликер
ключ
кодек
количеств
коллеги
коллектив
комисси
коммерческ
коммунальн
коммуникационн
коммутатор
коммутационн
комнат
компан
компетенц
комплекс
комплексн
комплект
компонент
компрометац
компьютер
конденсатор
конкретизирован
консульт
контакт
континент
контракт
контрол
контроллер
контур
конференц
конференцсвяз
конфигурац
конфиденциальн
концепц
координац
координационн
координирует
копировальн
копируют
корпоративн
корпус
корректировк
корреспонденц
коррупц
криптографическ
криптоза
криптопро
криптошлюз
критическ
курирующ
кустов
лаборат
лекц
ликвидац
ликвидированн
линукс
лиц
лиценз
лицензионн
личн
лог
логин
локальн
маршрутизатор
массив
мастерств
материал
материальн
матриц
машинам
машинн
мвд
межведомственн
мер
мероприят
мессенджер
мест
местн
методик
методическ
методов
механизм
механическ
микрофон
мни
многофункциональн
множественн
множительн
мобильн
модел
модель
модем
модератор
модерац
модернизац
модул
мойофис
молод
мониторинг
моноблок
мотивированн
мощност
мто
музык
музыкальн
муниципальн
мфу
мыше
мышь
мэв
мэдо
навык
наделен
надзор
назначен
наименован
накопител
напоминают
направил
направлен
направляем
направляет
направлял
направляют
нарекани
нарушени
нарушенн
нарушив
настроен
настройк
находит
находят
находящ
неавторизированн
неавторизованн
неактивност
неаттестованн
недопустимост
недопущен
недоставлен
недостатк
незамедлительн
незарегистрированн
незащищенн
неизвестн
неисполнен
неисправност
нелицензионн
ненадлежащ
необходим
неопределенн
неофициальн
неполадок
неработоспособн
нерабоч
несанкционированн
несвоевременн
несложный
неслужебн
несоблюден
несогласованн
неукоснительн
неуполномоченн
неучтенн
нормативн
нормативноправов
носител
ноутбук
обеспечен
обеспечив
обеспечить
обзор
обладающ
облачн
облуживан
обмен
обнаружен
обнов
обобщен
оболочк
оборудован
обрабатываем
обработк
образ
образован
образовательн
обратит
обращал
обращают
обращен
обслуживан
обстоятельств
обсудил
обсуждал
обсуждают
обсужден
обучающ
обучен
общедоступн
общественн
объект
объем
объявлен
обязан
обязанност
обязательн
обязательств
ограничен
ограничив
ограничиться
ознакамливают
ознакомительн
ознакомлен
оказал
оказан
оказывает
оказывалась
онлайн
опасн
оперативн
оператор
операц
операционн
оповещен
определен
определяющ
оптимизац
оптическ
орган
организатор
организац
организационн
организован
организовать
организовыва
организуются
оргтехник
ориентирован
осведомленн
освещен
освещенн
освоен
осложнял
осмотр
оснащен
основ
особенн
осуществ
ответ
ответственн
отвечает
отвечающ
отдел
отечественн
отключен
открыт
отмен
отметк
отмечал
относящи
отношен
отработан
отражается
отражал
отражаются
отражен
отраженн
отраслев
отрицательн
отрыт
отслежив
отсутств
отчет
офисн
официальн
оформлен
оценк
очно
ошиб
пакет
памят
памятк
пао
папк
параметр
парк
парол
парус
паспорт
перв
первичн
первоначальн
переведен
перевод
перевыпуск
перегрев
передан
передач
передают
переезд
переиздан
перемещен
перенаправлен
переписк
перераспределен
пересмотрен
пересылают
пересылк
переустановк
переход
перечислен
перечн
периодичн
персонализированн
персональн
печат
печатающ
писем
письм
план
планирован
планируетс
платформ
повестк
повлек
повлия
поврежден
повторн
повышен
подверг
подготавливает
подготовк
подготовлен
поддержан
поддержк
подключ
подключаем
подлеж
подменн
подпис
подписан
подразделен
подрядчик
подсистем
подтвердившим
подтвержден
подход
подчиненн
позволил
позволит
позволя
поиск
показал
показывает
политик
полици
полномоч
полноценн
положен
положительн
получат
получают
получен
пользован
пользовател
помех
помещени
помощ
пониман
понят
попытк
портал
портативн
поручен
порчи
порядк
порядок
посвящен
посетил
посещен
последн
последств
последующ
пособи
поставщик
постановк
посторонн
постоянн
построен
построенн
поступал
поступающ
поступивш
поступлен
потенциал
потреб
почт
почтов
пошагов
прав
правил
правительств
правонаруш
правоохранительн
правопоряд
правоприменитель
правосуд
практик
практическ
превысил
предаттестац
предварительн
пределам
предлаг
предлож
предмет
предназначенн
предоставлен
предоставляем
предоставляет
предоставляют
предотвращен
предполагает
предпринимател
председательством
представител
представлен
представляем
представляет
представляют
предстоящ
предупрежд
предусматрив
предусмотрен
предустановлен
предъявляем
предъявляет
предыдущ
презентационн
президент
прекращен
преми
премиальн
препятствующ
прерыван
пресечен
приведен
привлекал
привлекают
привлечен
привязанн
приглашен
прием
признак
приказ
прикладн
приложен
применен
применяем
применяет
применяют
пример
принадлеж
принимаем
принимал
принимают
принтер
принудительн
принцип
принят
приобретал
приобретен
приобщен
приостановлен
приравненн
присвоен
пристав
присутств
причастн
причин
приэксплуатац
проанализирован
проблем
провайдер
проведен
провер
проверк
провести
проводив
проводил
проводим
проводит
проводн
проводят
программ
программн
продемонстрирован
продлен
продолжает
продолжен
продукт
продуктивн
произведен
произвел
производ
произошед
проинспектирован
происходит
проконтролирован
прокуратур
прокурор
проработан
просмотр
проставлен
проставляют
простажирован
просьба
противодейств
протокол
профессиональн
профилактик
профилактическ
профильн
проходил
проходит
проходят
прохожден
процедур
процесс
прошедшем
прошедших
прошел
прошл
прошу
проявить
пто
публикац
пункт
пуст
путем
пэвм
работ
работник
работоспособност
рабоч
радио
разбирал
разбор
развернут
развертыван
развит
разворачива
разграничен
раздел
различн
размер
размещает
размещают
размещен
разработан
разработк
разработчик
разрешал
разрешен
разъем
разъяснен
разъяснительн
разъясняет
разъяснял
разъясняют
район
рамка
рамках
рапорт
раскрыв
распечат
расписан
распознаван
расположен
распорядительн
распоряжени
распределен
распространен
распространяем
распространяют
расследован
рассматриваем
рассматривал
рассмотрен
рассмотреть
рассыла
рассылк
расход
расширен
рациональн
реагирован
реализац
реализов
реализуют
реализующ
реальн
ревизи
региональн
регистрац
регистрир
регламент
регулировк
регулирующ
регулярн
редактирован
редакц
реестр
режим
резервн
резолюц
результат
результативност
реквизит
рекомендац
рекомендован
рекомендуем
ремонт
ресурс
речев
решен
риск
родственник
роспись
росреестр
россии
российск
рост
ростелеком
роутер
ртк
руководим
руководител
руководств
рутинн
рутокен
ряд
сайт
самопроизвольн
самостоятельн
самоуправлен
санкционирован
сберjazz
сбор
сборник
сведени
сверк
свидетельств
своевремен
свт
связан
связь
сеанс
сегмент
сейф
секретн
секретно
семейств
семинар
семьи
сервер
сервис
сервисн
сертификат
сертифицирован
сет
сетев
сигнатур
сил
синхронизац
систем
систематизиров
систематическ
системн
сканирован
сквозн
скзи
склад
склонен
скомпрометирован
скорост
скпэп
скрипт
скс
след
сложност
служащ
служб
служебн
случивш
смартфон
смонтирован
смэв
снижен
снизит
снят
собеседован
соблюдает
соблюдать
соблюдают
соблюден
собственн
событ
совершен
совершенствован
совершивш
совещани
совместн
современны
согласно
согласован
согласовывают
содействие
содержал
содержан
содержащ
содержит
создает
создан
создают
создающ
сократит
сокращен
сообщает
сообщал
сообщают
сообщени
соответств
сопровожден
сопряжен
состав
составил
составлен
составляет
составляют
составляющ
состоявш
состояни
сотов
сотрудник
сохранност
социальн
спарк
специализирован
специалист
специальн
списан
списк
список
способ
справок
справочн
сравнен
сред
средств
срок
ссту
ссылкам
стабильност
стаж
стажиров
стажируем
стандартизирован
стандартн
станция
статистик
статистическ
статистк
статус
стационарн
степен
стоимост
стойкост
стол
сторон
стоящи
строг
строя
структур
структурирован
структурн
субподрядн
субъект
суток
суфд
существующ
сфер
сформирован
счет
съемн
сэп
таблиц
тайн
телекоммуникацион
телемост
телефон
тема
темам
тематик
тематическ
теме
тему
темы
терминал
терминальн
территориальн
тест
тестирован
тестов
техник
техническ
технолг
технолог
техподдержк
типа
типичн
типов
тонер
топологи
трансляц
транспорт
трансформац
требовал
требован
требует
требующ
труднодоступн
трудов
трудоустроен
уведомлен
увеличен
увеличит
увольнен
угроз
удален
удаленн
уделяет
уделялос
удостоверяющ
указан
указание
указанн
укреплен
укэп
умен
университет
уникальн
уничтожен
уполномочен
управлени
упрощени
урегулирован
уров
урп
усил
усилен
услов
услуг
успешн
устанавлив
установк
установлен
устаревш
устойчив
устранен
устранил
устранял
устраняют
устройств
усугубил
утверждаем
утверждает
утвержден
утер
утечк
утилизац
утрат
утрачен
участ
участник
учеб
учебно
учебны
учет
учетн
учитывают
учрежден
учтен
учтенн
файл
факсимильн
факт
фактическ
фгис
федеральн
федерац
физическ
фиксируют
фильм
финанс
фишинг
фку
флаг
флеш
флэш
форм
формат
форматирова
формирован
формирует
формируют
формуляр
фотограф
фотоматериал
функци
функционал
функционирован
функционирует
функционируют
функционирующ
фхд
характер
хищен
хост
хранен
хранилищ
храним
хранят
хранящих
целев
целостност
центр
централизован
цифров
цифровизац
часов
част
частичн
частн
чип
числит
шаблон
шифрован
шкаф
штамп
штат
штатн
штрих
экземпляр
экран
эксплуатац
эксплуатируем
эксплуатирует
эксплуатирующ
электрон
эффективн
эцп
яндекс
ящик